// !$*UTF8*$!
{
	archiveVersion = 1;
	classes = {
	};
	objectVersion = 50;
	objects = {

/* Begin PBXBuildFile section */
		F8391465212D776A0010C963 /* CoreGraphics.framework in Frameworks */ = {isa = PBXBuildFile; fileRef = F8391464212D776A0010C963 /* CoreGraphics.framework */; };
		F8391467212D7B410010C963 /* CIColorMonochromeParamView.swift in Sources */ = {isa = PBXBuildFile; fileRef = F8391466212D7B410010C963 /* CIColorMonochromeParamView.swift */; };
		F83C0DD721338A86002BC6DD /* CIColorMatrixParamView.swift in Sources */ = {isa = PBXBuildFile; fileRef = F83C0DD621338A86002BC6DD /* CIColorMatrixParamView.swift */; };
		F83C0DD921338ABE002BC6DD /* CIColorPolynomialParamView.swift in Sources */ = {isa = PBXBuildFile; fileRef = F83C0DD821338ABE002BC6DD /* CIColorPolynomialParamView.swift */; };
		F83C0DDB21338AFD002BC6DD /* CIToneCurveParamView.swift in Sources */ = {isa = PBXBuildFile; fileRef = F83C0DDA21338AFD002BC6DD /* CIToneCurveParamView.swift */; };
		F83C0DDD21338B5B002BC6DD /* CIVibranceParamView.swift in Sources */ = {isa = PBXBuildFile; fileRef = F83C0DDC21338B5B002BC6DD /* CIVibranceParamView.swift */; };
		F83C0DDF21338CEC002BC6DD /* CIWhitePointAdjustParamView.swift in Sources */ = {isa = PBXBuildFile; fileRef = F83C0DDE21338CEC002BC6DD /* CIWhitePointAdjustParamView.swift */; };
		F83C0DE121338F3A002BC6DD /* CIColorCrossPolynomialParamView.swift in Sources */ = {isa = PBXBuildFile; fileRef = F83C0DE021338F3A002BC6DD /* CIColorCrossPolynomialParamView.swift */; };
		F83C0DE321338FBB002BC6DD /* CIColorCubeParamView.swift in Sources */ = {isa = PBXBuildFile; fileRef = F83C0DE221338FBB002BC6DD /* CIColorCubeParamView.swift */; };
		F83C0DE521339020002BC6DD /* CIColorCubeWithColorSpaceParamView.swift in Sources */ = {isa = PBXBuildFile; fileRef = F83C0DE421339020002BC6DD /* CIColorCubeWithColorSpaceParamView.swift */; };
		F83C0DE721339062002BC6DD /* CIColorInvertParamView.swift in Sources */ = {isa = PBXBuildFile; fileRef = F83C0DE621339062002BC6DD /* CIColorInvertParamView.swift */; };
		F83C0DE92133912C002BC6DD /* CIColorMapParamView.swift in Sources */ = {isa = PBXBuildFile; fileRef = F83C0DE82133912C002BC6DD /* CIColorMapParamView.swift */; };
		F83C0DEB21339161002BC6DD /* CIFalseColorParamView.swift in Sources */ = {isa = PBXBuildFile; fileRef = F83C0DEA21339161002BC6DD /* CIFalseColorParamView.swift */; };
		F83C0DED21339438002BC6DD /* CIMaskToAlphaParamView.swift in Sources */ = {isa = PBXBuildFile; fileRef = F83C0DEC21339438002BC6DD /* CIMaskToAlphaParamView.swift */; };
		F83C0DEF213394FE002BC6DD /* CIMinimumComponentParamView.swift in Sources */ = {isa = PBXBuildFile; fileRef = F83C0DEE213394FE002BC6DD /* CIMinimumComponentParamView.swift */; };
		F83C0DF12133950F002BC6DD /* CIMaximumComponentParamView.swift in Sources */ = {isa = PBXBuildFile; fileRef = F83C0DF02133950F002BC6DD /* CIMaximumComponentParamView.swift */; };
		F83C0DF3213395EF002BC6DD /* CIPhotoEffectChromeParamView.swift in Sources */ = {isa = PBXBuildFile; fileRef = F83C0DF2213395EF002BC6DD /* CIPhotoEffectChromeParamView.swift */; };
		F83C0DF5213397C7002BC6DD /* CIPhotoEffectFadeParamView.swift in Sources */ = {isa = PBXBuildFile; fileRef = F83C0DF4213397C7002BC6DD /* CIPhotoEffectFadeParamView.swift */; };
		F83C0DF72133988A002BC6DD /* CIPhotoEffectInstantParamView.swift in Sources */ = {isa = PBXBuildFile; fileRef = F83C0DF62133988A002BC6DD /* CIPhotoEffectInstantParamView.swift */; };
		F83C0DF92133990E002BC6DD /* CIPhotoEffectMonoParamView.swift in Sources */ = {isa = PBXBuildFile; fileRef = F83C0DF82133990E002BC6DD /* CIPhotoEffectMonoParamView.swift */; };
		F83C0DFB21339987002BC6DD /* CIPhotoEffectNoirParamView.swift in Sources */ = {isa = PBXBuildFile; fileRef = F83C0DFA21339987002BC6DD /* CIPhotoEffectNoirParamView.swift */; };
		F83C0DFD213399F6002BC6DD /* CIPhotoEffectProcessParamView.swift in Sources */ = {isa = PBXBuildFile; fileRef = F83C0DFC213399F6002BC6DD /* CIPhotoEffectProcessParamView.swift */; };
		F83C0DFF21339A67002BC6DD /* CIPhotoEffectTonalParamView.swift in Sources */ = {isa = PBXBuildFile; fileRef = F83C0DFE21339A67002BC6DD /* CIPhotoEffectTonalParamView.swift */; };
		F83C0E0121339AFC002BC6DD /* CIPhotoEffectTransferParamView.swift in Sources */ = {isa = PBXBuildFile; fileRef = F83C0E0021339AFC002BC6DD /* CIPhotoEffectTransferParamView.swift */; };
		F83C0E0321339B62002BC6DD /* CISepiaToneParamView.swift in Sources */ = {isa = PBXBuildFile; fileRef = F83C0E0221339B62002BC6DD /* CISepiaToneParamView.swift */; };
		F83C0E0521339C50002BC6DD /* CIVignetteParamView.swift in Sources */ = {isa = PBXBuildFile; fileRef = F83C0E0421339C50002BC6DD /* CIVignetteParamView.swift */; };
		F83C0E0721339FEE002BC6DD /* CIVignetteEffectParamView.swift in Sources */ = {isa = PBXBuildFile; fileRef = F83C0E0621339FEE002BC6DD /* CIVignetteEffectParamView.swift */; };
		F83CE591212C38D00035F310 /* FilterController.swift in Sources */ = {isa = PBXBuildFile; fileRef = F83CE590212C38D00035F310 /* FilterController.swift */; };
		F8431BFD213177A9002735EA /* CIExposureAdjustParamView.swift in Sources */ = {isa = PBXBuildFile; fileRef = F8431BFC213177A9002735EA /* CIExposureAdjustParamView.swift */; };
		F8431BFF21317B3B002735EA /* CIGammaAdjustParamView.swift in Sources */ = {isa = PBXBuildFile; fileRef = F8431BFE21317B3B002735EA /* CIGammaAdjustParamView.swift */; };
		F8431C0121317CFF002735EA /* CIHueAdjustParamView.swift in Sources */ = {isa = PBXBuildFile; fileRef = F8431C0021317CFF002735EA /* CIHueAdjustParamView.swift */; };
		F8431C0321317EFB002735EA /* CILinearToSRGBToneCurveParamView.swift in Sources */ = {isa = PBXBuildFile; fileRef = F8431C0221317EFB002735EA /* CILinearToSRGBToneCurveParamView.swift */; };
		F8431C0521317F8F002735EA /* CISRGBToneCurveToLinearParamView.swift in Sources */ = {isa = PBXBuildFile; fileRef = F8431C0421317F8F002735EA /* CISRGBToneCurveToLinearParamView.swift */; };
		F8431C0721318044002735EA /* CITemperatureAndTintParamView.swift in Sources */ = {isa = PBXBuildFile; fileRef = F8431C0621318044002735EA /* CITemperatureAndTintParamView.swift */; };
		F84473A0212CDA4100F8BE97 /* FilterParamView.swift in Sources */ = {isa = PBXBuildFile; fileRef = F844739F212CDA4100F8BE97 /* FilterParamView.swift */; };
		F84473A3212CDCB800F8BE97 /* CIColorPosterizeParamView.swift in Sources */ = {isa = PBXBuildFile; fileRef = F84473A2212CDCB800F8BE97 /* CIColorPosterizeParamView.swift */; };
		F84473A6212CE09900F8BE97 /* ColorPickerWheelView.swift in Sources */ = {isa = PBXBuildFile; fileRef = F84473A5212CE09900F8BE97 /* ColorPickerWheelView.swift */; };
		F84473A8212CE52200F8BE97 /* colorWheel.png in Resources */ = {isa = PBXBuildFile; fileRef = F84473A7212CE52100F8BE97 /* colorWheel.png */; };
		F844D71F212F9B97009BB280 /* CINoiseReductionParamView.swift in Sources */ = {isa = PBXBuildFile; fileRef = F844D71E212F9B97009BB280 /* CINoiseReductionParamView.swift */; };
		F844D721212FA1C5009BB280 /* CIBoxBlurParamView.swift in Sources */ = {isa = PBXBuildFile; fileRef = F844D720212FA1C5009BB280 /* CIBoxBlurParamView.swift */; };
		F844D723212FA56A009BB280 /* CIDiscBlurParamView.swift in Sources */ = {isa = PBXBuildFile; fileRef = F844D722212FA56A009BB280 /* CIDiscBlurParamView.swift */; };
		F844D725212FA60B009BB280 /* CIGaussianBlurParamView.swift in Sources */ = {isa = PBXBuildFile; fileRef = F844D724212FA60B009BB280 /* CIGaussianBlurParamView.swift */; };
		F844D727212FA6B4009BB280 /* CIMedianFilterParamView.swift in Sources */ = {isa = PBXBuildFile; fileRef = F844D726212FA6B4009BB280 /* CIMedianFilterParamView.swift */; };
		F844D729212FA910009BB280 /* CIMotionBlurParamView.swift in Sources */ = {isa = PBXBuildFile; fileRef = F844D728212FA910009BB280 /* CIMotionBlurParamView.swift */; };
		F844D72B212FACA1009BB280 /* CIZoomBlurParamView.swift in Sources */ = {isa = PBXBuildFile; fileRef = F844D72A212FACA1009BB280 /* CIZoomBlurParamView.swift */; };
		F848AF89212BA177007F158C /* Filter.swift in Sources */ = {isa = PBXBuildFile; fileRef = F848AF88212BA177007F158C /* Filter.swift */; };
		F848AF8B212BA420007F158C /* FilterParam.swift in Sources */ = {isa = PBXBuildFile; fileRef = F848AF8A212BA420007F158C /* FilterParam.swift */; };
		F848AF8D212BC16F007F158C /* Filters.swift in Sources */ = {isa = PBXBuildFile; fileRef = F848AF8C212BC16F007F158C /* Filters.swift */; };
		F866F4B4212AF15E00DFA4B4 /* AppDelegate.swift in Sources */ = {isa = PBXBuildFile; fileRef = F866F4B3212AF15E00DFA4B4 /* AppDelegate.swift */; };
		F866F4B6212AF15E00DFA4B4 /* ViewController.swift in Sources */ = {isa = PBXBuildFile; fileRef = F866F4B5212AF15E00DFA4B4 /* ViewController.swift */; };
		F866F4B9212AF15E00DFA4B4 /* Main.storyboard in Resources */ = {isa = PBXBuildFile; fileRef = F866F4B7212AF15E00DFA4B4 /* Main.storyboard */; };
		F866F4BB212AF16100DFA4B4 /* Assets.xcassets in Resources */ = {isa = PBXBuildFile; fileRef = F866F4BA212AF16100DFA4B4 /* Assets.xcassets */; };
		F866F4BE212AF16100DFA4B4 /* LaunchScreen.storyboard in Resources */ = {isa = PBXBuildFile; fileRef = F866F4BC212AF16100DFA4B4 /* LaunchScreen.storyboard */; };
		F866F4C7212AF22000DFA4B4 /* Photos.framework in Frameworks */ = {isa = PBXBuildFile; fileRef = F866F4C6212AF22000DFA4B4 /* Photos.framework */; };
		F866F4CC212AF43400DFA4B4 /* ImageFilter.swift in Sources */ = {isa = PBXBuildFile; fileRef = F866F4CB212AF43400DFA4B4 /* ImageFilter.swift */; };
		F866F4CE212AFB7F00DFA4B4 /* CoreImage.framework in Frameworks */ = {isa = PBXBuildFile; fileRef = F866F4CD212AFB7F00DFA4B4 /* CoreImage.framework */; };
		F8683A2C2134CBD5008ED64B /* CISharpenLuminanceParamView.swift in Sources */ = {isa = PBXBuildFile; fileRef = F8683A2B2134CBD5008ED64B /* CISharpenLuminanceParamView.swift */; };
		F8683A2E2134CBEA008ED64B /* CIUnsharpMaskParamView.swift in Sources */ = {isa = PBXBuildFile; fileRef = F8683A2D2134CBEA008ED64B /* CIUnsharpMaskParamView.swift */; };
		F8C5E7E121310CB0005D4DAA /* CIColorClampParamView.swift in Sources */ = {isa = PBXBuildFile; fileRef = F8C5E7E021310CB0005D4DAA /* CIColorClampParamView.swift */; };
		F8C5E7E321311E31005D4DAA /* CIColorControlsParamView.swift in Sources */ = {isa = PBXBuildFile; fileRef = F8C5E7E221311E31005D4DAA /* CIColorControlsParamView.swift */; };
/* End PBXBuildFile section */

/* Begin PBXFileReference section */
		F8391464212D776A0010C963 /* CoreGraphics.framework */ = {isa = PBXFileReference; lastKnownFileType = wrapper.framework; name = CoreGraphics.framework; path = System/Library/Frameworks/CoreGraphics.framework; sourceTree = SDKROOT; };
		F8391466212D7B410010C963 /* CIColorMonochromeParamView.swift */ = {isa = PBXFileReference; lastKnownFileType = sourcecode.swift; path = CIColorMonochromeParamView.swift; sourceTree = "<group>"; };
		F83C0DD621338A86002BC6DD /* CIColorMatrixParamView.swift */ = {isa = PBXFileReference; lastKnownFileType = sourcecode.swift; path = CIColorMatrixParamView.swift; sourceTree = "<group>"; };
		F83C0DD821338ABE002BC6DD /* CIColorPolynomialParamView.swift */ = {isa = PBXFileReference; lastKnownFileType = sourcecode.swift; path = CIColorPolynomialParamView.swift; sourceTree = "<group>"; };
		F83C0DDA21338AFD002BC6DD /* CIToneCurveParamView.swift */ = {isa = PBXFileReference; lastKnownFileType = sourcecode.swift; path = CIToneCurveParamView.swift; sourceTree = "<group>"; };
		F83C0DDC21338B5B002BC6DD /* CIVibranceParamView.swift */ = {isa = PBXFileReference; lastKnownFileType = sourcecode.swift; path = CIVibranceParamView.swift; sourceTree = "<group>"; };
		F83C0DDE21338CEC002BC6DD /* CIWhitePointAdjustParamView.swift */ = {isa = PBXFileReference; lastKnownFileType = sourcecode.swift; path = CIWhitePointAdjustParamView.swift; sourceTree = "<group>"; };
		F83C0DE021338F3A002BC6DD /* CIColorCrossPolynomialParamView.swift */ = {isa = PBXFileReference; lastKnownFileType = sourcecode.swift; path = CIColorCrossPolynomialParamView.swift; sourceTree = "<group>"; };
		F83C0DE221338FBB002BC6DD /* CIColorCubeParamView.swift */ = {isa = PBXFileReference; lastKnownFileType = sourcecode.swift; path = CIColorCubeParamView.swift; sourceTree = "<group>"; };
		F83C0DE421339020002BC6DD /* CIColorCubeWithColorSpaceParamView.swift */ = {isa = PBXFileReference; lastKnownFileType = sourcecode.swift; path = CIColorCubeWithColorSpaceParamView.swift; sourceTree = "<group>"; };
		F83C0DE621339062002BC6DD /* CIColorInvertParamView.swift */ = {isa = PBXFileReference; lastKnownFileType = sourcecode.swift; path = CIColorInvertParamView.swift; sourceTree = "<group>"; };
		F83C0DE82133912C002BC6DD /* CIColorMapParamView.swift */ = {isa = PBXFileReference; lastKnownFileType = sourcecode.swift; path = CIColorMapParamView.swift; sourceTree = "<group>"; };
		F83C0DEA21339161002BC6DD /* CIFalseColorParamView.swift */ = {isa = PBXFileReference; lastKnownFileType = sourcecode.swift; path = CIFalseColorParamView.swift; sourceTree = "<group>"; };
		F83C0DEC21339438002BC6DD /* CIMaskToAlphaParamView.swift */ = {isa = PBXFileReference; lastKnownFileType = sourcecode.swift; path = CIMaskToAlphaParamView.swift; sourceTree = "<group>"; };
		F83C0DEE213394FE002BC6DD /* CIMinimumComponentParamView.swift */ = {isa = PBXFileReference; lastKnownFileType = sourcecode.swift; path = CIMinimumComponentParamView.swift; sourceTree = "<group>"; };
		F83C0DF02133950F002BC6DD /* CIMaximumComponentParamView.swift */ = {isa = PBXFileReference; lastKnownFileType = sourcecode.swift; path = CIMaximumComponentParamView.swift; sourceTree = "<group>"; };
		F83C0DF2213395EF002BC6DD /* CIPhotoEffectChromeParamView.swift */ = {isa = PBXFileReference; lastKnownFileType = sourcecode.swift; path = CIPhotoEffectChromeParamView.swift; sourceTree = "<group>"; };
		F83C0DF4213397C7002BC6DD /* CIPhotoEffectFadeParamView.swift */ = {isa = PBXFileReference; lastKnownFileType = sourcecode.swift; path = CIPhotoEffectFadeParamView.swift; sourceTree = "<group>"; };
		F83C0DF62133988A002BC6DD /* CIPhotoEffectInstantParamView.swift */ = {isa = PBXFileReference; lastKnownFileType = sourcecode.swift; path = CIPhotoEffectInstantParamView.swift; sourceTree = "<group>"; };
		F83C0DF82133990E002BC6DD /* CIPhotoEffectMonoParamView.swift */ = {isa = PBXFileReference; lastKnownFileType = sourcecode.swift; path = CIPhotoEffectMonoParamView.swift; sourceTree = "<group>"; };
		F83C0DFA21339987002BC6DD /* CIPhotoEffectNoirParamView.swift */ = {isa = PBXFileReference; lastKnownFileType = sourcecode.swift; path = CIPhotoEffectNoirParamView.swift; sourceTree = "<group>"; };
		F83C0DFC213399F6002BC6DD /* CIPhotoEffectProcessParamView.swift */ = {isa = PBXFileReference; lastKnownFileType = sourcecode.swift; path = CIPhotoEffectProcessParamView.swift; sourceTree = "<group>"; };
		F83C0DFE21339A67002BC6DD /* CIPhotoEffectTonalParamView.swift */ = {isa = PBXFileReference; lastKnownFileType = sourcecode.swift; path = CIPhotoEffectTonalParamView.swift; sourceTree = "<group>"; };
		F83C0E0021339AFC002BC6DD /* CIPhotoEffectTransferParamView.swift */ = {isa = PBXFileReference; lastKnownFileType = sourcecode.swift; path = CIPhotoEffectTransferParamView.swift; sourceTree = "<group>"; };
		F83C0E0221339B62002BC6DD /* CISepiaToneParamView.swift */ = {isa = PBXFileReference; lastKnownFileType = sourcecode.swift; path = CISepiaToneParamView.swift; sourceTree = "<group>"; };
		F83C0E0421339C50002BC6DD /* CIVignetteParamView.swift */ = {isa = PBXFileReference; lastKnownFileType = sourcecode.swift; path = CIVignetteParamView.swift; sourceTree = "<group>"; };
		F83C0E0621339FEE002BC6DD /* CIVignetteEffectParamView.swift */ = {isa = PBXFileReference; lastKnownFileType = sourcecode.swift; path = CIVignetteEffectParamView.swift; sourceTree = "<group>"; };
		F83CE590212C38D00035F310 /* FilterController.swift */ = {isa = PBXFileReference; lastKnownFileType = sourcecode.swift; path = FilterController.swift; sourceTree = "<group>"; };
		F8431BFC213177A9002735EA /* CIExposureAdjustParamView.swift */ = {isa = PBXFileReference; lastKnownFileType = sourcecode.swift; path = CIExposureAdjustParamView.swift; sourceTree = "<group>"; };
		F8431BFE21317B3B002735EA /* CIGammaAdjustParamView.swift */ = {isa = PBXFileReference; lastKnownFileType = sourcecode.swift; path = CIGammaAdjustParamView.swift; sourceTree = "<group>"; };
		F8431C0021317CFF002735EA /* CIHueAdjustParamView.swift */ = {isa = PBXFileReference; lastKnownFileType = sourcecode.swift; path = CIHueAdjustParamView.swift; sourceTree = "<group>"; };
		F8431C0221317EFB002735EA /* CILinearToSRGBToneCurveParamView.swift */ = {isa = PBXFileReference; lastKnownFileType = sourcecode.swift; path = CILinearToSRGBToneCurveParamView.swift; sourceTree = "<group>"; };
		F8431C0421317F8F002735EA /* CISRGBToneCurveToLinearParamView.swift */ = {isa = PBXFileReference; lastKnownFileType = sourcecode.swift; path = CISRGBToneCurveToLinearParamView.swift; sourceTree = "<group>"; };
		F8431C0621318044002735EA /* CITemperatureAndTintParamView.swift */ = {isa = PBXFileReference; lastKnownFileType = sourcecode.swift; path = CITemperatureAndTintParamView.swift; sourceTree = "<group>"; };
		F844739F212CDA4100F8BE97 /* FilterParamView.swift */ = {isa = PBXFileReference; lastKnownFileType = sourcecode.swift; path = FilterParamView.swift; sourceTree = "<group>"; };
		F84473A2212CDCB800F8BE97 /* CIColorPosterizeParamView.swift */ = {isa = PBXFileReference; lastKnownFileType = sourcecode.swift; path = CIColorPosterizeParamView.swift; sourceTree = "<group>"; };
		F84473A5212CE09900F8BE97 /* ColorPickerWheelView.swift */ = {isa = PBXFileReference; lastKnownFileType = sourcecode.swift; path = ColorPickerWheelView.swift; sourceTree = "<group>"; };
		F84473A7212CE52100F8BE97 /* colorWheel.png */ = {isa = PBXFileReference; lastKnownFileType = image.png; path = colorWheel.png; sourceTree = "<group>"; };
		F844D71E212F9B97009BB280 /* CINoiseReductionParamView.swift */ = {isa = PBXFileReference; lastKnownFileType = sourcecode.swift; path = CINoiseReductionParamView.swift; sourceTree = "<group>"; };
		F844D720212FA1C5009BB280 /* CIBoxBlurParamView.swift */ = {isa = PBXFileReference; lastKnownFileType = sourcecode.swift; path = CIBoxBlurParamView.swift; sourceTree = "<group>"; };
		F844D722212FA56A009BB280 /* CIDiscBlurParamView.swift */ = {isa = PBXFileReference; lastKnownFileType = sourcecode.swift; path = CIDiscBlurParamView.swift; sourceTree = "<group>"; };
		F844D724212FA60B009BB280 /* CIGaussianBlurParamView.swift */ = {isa = PBXFileReference; lastKnownFileType = sourcecode.swift; path = CIGaussianBlurParamView.swift; sourceTree = "<group>"; };
		F844D726212FA6B4009BB280 /* CIMedianFilterParamView.swift */ = {isa = PBXFileReference; lastKnownFileType = sourcecode.swift; path = CIMedianFilterParamView.swift; sourceTree = "<group>"; };
		F844D728212FA910009BB280 /* CIMotionBlurParamView.swift */ = {isa = PBXFileReference; lastKnownFileType = sourcecode.swift; path = CIMotionBlurParamView.swift; sourceTree = "<group>"; };
		F844D72A212FACA1009BB280 /* CIZoomBlurParamView.swift */ = {isa = PBXFileReference; lastKnownFileType = sourcecode.swift; path = CIZoomBlurParamView.swift; sourceTree = "<group>"; };
		F844D72C212FB534009BB280 /* README.md */ = {isa = PBXFileReference; lastKnownFileType = net.daringfireball.markdown; path = README.md; sourceTree = "<group>"; };
		F848AF88212BA177007F158C /* Filter.swift */ = {isa = PBXFileReference; lastKnownFileType = sourcecode.swift; path = Filter.swift; sourceTree = "<group>"; };
		F848AF8A212BA420007F158C /* FilterParam.swift */ = {isa = PBXFileReference; lastKnownFileType = sourcecode.swift; path = FilterParam.swift; sourceTree = "<group>"; };
		F848AF8C212BC16F007F158C /* Filters.swift */ = {isa = PBXFileReference; lastKnownFileType = sourcecode.swift; path = Filters.swift; sourceTree = "<group>"; };
		F866F4B0212AF15E00DFA4B4 /* FilterImage.app */ = {isa = PBXFileReference; explicitFileType = wrapper.application; includeInIndex = 0; path = FilterImage.app; sourceTree = BUILT_PRODUCTS_DIR; };
		F866F4B3212AF15E00DFA4B4 /* AppDelegate.swift */ = {isa = PBXFileReference; lastKnownFileType = sourcecode.swift; path = AppDelegate.swift; sourceTree = "<group>"; };
		F866F4B5212AF15E00DFA4B4 /* ViewController.swift */ = {isa = PBXFileReference; lastKnownFileType = sourcecode.swift; path = ViewController.swift; sourceTree = "<group>"; };
		F866F4B8212AF15E00DFA4B4 /* Base */ = {isa = PBXFileReference; lastKnownFileType = file.storyboard; name = Base; path = Base.lproj/Main.storyboard; sourceTree = "<group>"; };
		F866F4BA212AF16100DFA4B4 /* Assets.xcassets */ = {isa = PBXFileReference; lastKnownFileType = folder.assetcatalog; path = Assets.xcassets; sourceTree = "<group>"; };
		F866F4BD212AF16100DFA4B4 /* Base */ = {isa = PBXFileReference; lastKnownFileType = file.storyboard; name = Base; path = Base.lproj/LaunchScreen.storyboard; sourceTree = "<group>"; };
		F866F4BF212AF16100DFA4B4 /* Info.plist */ = {isa = PBXFileReference; lastKnownFileType = text.plist.xml; path = Info.plist; sourceTree = "<group>"; };
		F866F4C6212AF22000DFA4B4 /* Photos.framework */ = {isa = PBXFileReference; lastKnownFileType = wrapper.framework; name = Photos.framework; path = System/Library/Frameworks/Photos.framework; sourceTree = SDKROOT; };
		F866F4CB212AF43400DFA4B4 /* ImageFilter.swift */ = {isa = PBXFileReference; lastKnownFileType = sourcecode.swift; path = ImageFilter.swift; sourceTree = "<group>"; };
		F866F4CD212AFB7F00DFA4B4 /* CoreImage.framework */ = {isa = PBXFileReference; lastKnownFileType = wrapper.framework; name = CoreImage.framework; path = System/Library/Frameworks/CoreImage.framework; sourceTree = SDKROOT; };
		F8683A2B2134CBD5008ED64B /* CISharpenLuminanceParamView.swift */ = {isa = PBXFileReference; lastKnownFileType = sourcecode.swift; path = CISharpenLuminanceParamView.swift; sourceTree = "<group>"; };
		F8683A2D2134CBEA008ED64B /* CIUnsharpMaskParamView.swift */ = {isa = PBXFileReference; lastKnownFileType = sourcecode.swift; path = CIUnsharpMaskParamView.swift; sourceTree = "<group>"; };
		F8C5E7E021310CB0005D4DAA /* CIColorClampParamView.swift */ = {isa = PBXFileReference; lastKnownFileType = sourcecode.swift; path = CIColorClampParamView.swift; sourceTree = "<group>"; };
		F8C5E7E221311E31005D4DAA /* CIColorControlsParamView.swift */ = {isa = PBXFileReference; lastKnownFileType = sourcecode.swift; path = CIColorControlsParamView.swift; sourceTree = "<group>"; };
/* End PBXFileReference section */

/* Begin PBXFrameworksBuildPhase section */
		F866F4AD212AF15E00DFA4B4 /* Frameworks */ = {
			isa = PBXFrameworksBuildPhase;
			buildActionMask = 2147483647;
			files = (
				F8391465212D776A0010C963 /* CoreGraphics.framework in Frameworks */,
				F866F4CE212AFB7F00DFA4B4 /* CoreImage.framework in Frameworks */,
				F866F4C7212AF22000DFA4B4 /* Photos.framework in Frameworks */,
			);
			runOnlyForDeploymentPostprocessing = 0;
		};
/* End PBXFrameworksBuildPhase section */

/* Begin PBXGroup section */
		F84473A1212CDC6B00F8BE97 /* ParamViews */ = {
			isa = PBXGroup;
			children = (
				F84473A2212CDCB800F8BE97 /* CIColorPosterizeParamView.swift */,
				F8391466212D7B410010C963 /* CIColorMonochromeParamView.swift */,
				F844D71E212F9B97009BB280 /* CINoiseReductionParamView.swift */,
				F844D720212FA1C5009BB280 /* CIBoxBlurParamView.swift */,
				F844D722212FA56A009BB280 /* CIDiscBlurParamView.swift */,
				F844D724212FA60B009BB280 /* CIGaussianBlurParamView.swift */,
				F844D726212FA6B4009BB280 /* CIMedianFilterParamView.swift */,
				F844D728212FA910009BB280 /* CIMotionBlurParamView.swift */,
				F844D72A212FACA1009BB280 /* CIZoomBlurParamView.swift */,
				F8C5E7E021310CB0005D4DAA /* CIColorClampParamView.swift */,
				F8C5E7E221311E31005D4DAA /* CIColorControlsParamView.swift */,
				F8431BFC213177A9002735EA /* CIExposureAdjustParamView.swift */,
				F8431BFE21317B3B002735EA /* CIGammaAdjustParamView.swift */,
				F8431C0021317CFF002735EA /* CIHueAdjustParamView.swift */,
				F8431C0221317EFB002735EA /* CILinearToSRGBToneCurveParamView.swift */,
				F8431C0421317F8F002735EA /* CISRGBToneCurveToLinearParamView.swift */,
				F8431C0621318044002735EA /* CITemperatureAndTintParamView.swift */,
				F83C0DD621338A86002BC6DD /* CIColorMatrixParamView.swift */,
				F83C0DD821338ABE002BC6DD /* CIColorPolynomialParamView.swift */,
				F83C0DDA21338AFD002BC6DD /* CIToneCurveParamView.swift */,
				F83C0DDC21338B5B002BC6DD /* CIVibranceParamView.swift */,
				F83C0DDE21338CEC002BC6DD /* CIWhitePointAdjustParamView.swift */,
				F83C0DE021338F3A002BC6DD /* CIColorCrossPolynomialParamView.swift */,
				F83C0DE221338FBB002BC6DD /* CIColorCubeParamView.swift */,
				F83C0DE421339020002BC6DD /* CIColorCubeWithColorSpaceParamView.swift */,
				F83C0DE621339062002BC6DD /* CIColorInvertParamView.swift */,
				F83C0DE82133912C002BC6DD /* CIColorMapParamView.swift */,
				F83C0DEA21339161002BC6DD /* CIFalseColorParamView.swift */,
				F83C0DEC21339438002BC6DD /* CIMaskToAlphaParamView.swift */,
				F83C0DEE213394FE002BC6DD /* CIMinimumComponentParamView.swift */,
				F83C0DF02133950F002BC6DD /* CIMaximumComponentParamView.swift */,
				F83C0DF2213395EF002BC6DD /* CIPhotoEffectChromeParamView.swift */,
				F83C0DF4213397C7002BC6DD /* CIPhotoEffectFadeParamView.swift */,
				F83C0DF62133988A002BC6DD /* CIPhotoEffectInstantParamView.swift */,
				F83C0DF82133990E002BC6DD /* CIPhotoEffectMonoParamView.swift */,
				F83C0DFA21339987002BC6DD /* CIPhotoEffectNoirParamView.swift */,
				F83C0DFC213399F6002BC6DD /* CIPhotoEffectProcessParamView.swift */,
				F83C0DFE21339A67002BC6DD /* CIPhotoEffectTonalParamView.swift */,
				F83C0E0021339AFC002BC6DD /* CIPhotoEffectTransferParamView.swift */,
				F83C0E0221339B62002BC6DD /* CISepiaToneParamView.swift */,
				F83C0E0421339C50002BC6DD /* CIVignetteParamView.swift */,
				F83C0E0621339FEE002BC6DD /* CIVignetteEffectParamView.swift */,
				F8683A2B2134CBD5008ED64B /* CISharpenLuminanceParamView.swift */,
				F8683A2D2134CBEA008ED64B /* CIUnsharpMaskParamView.swift */,
			);
			path = ParamViews;
			sourceTree = "<group>";
		};
		F84473A4212CE07700F8BE97 /* Components */ = {
			isa = PBXGroup;
			children = (
				F84473A7212CE52100F8BE97 /* colorWheel.png */,
				F84473A5212CE09900F8BE97 /* ColorPickerWheelView.swift */,
			);
			path = Components;
			sourceTree = "<group>";
		};
		F866F4A7212AF15E00DFA4B4 = {
			isa = PBXGroup;
			children = (
				F844D72C212FB534009BB280 /* README.md */,
				F866F4B2212AF15E00DFA4B4 /* FilterImage */,
				F866F4B1212AF15E00DFA4B4 /* Products */,
				F866F4C5212AF22000DFA4B4 /* Frameworks */,
			);
			sourceTree = "<group>";
		};
		F866F4B1212AF15E00DFA4B4 /* Products */ = {
			isa = PBXGroup;
			children = (
				F866F4B0212AF15E00DFA4B4 /* FilterImage.app */,
			);
			name = Products;
			sourceTree = "<group>";
		};
		F866F4B2212AF15E00DFA4B4 /* FilterImage */ = {
			isa = PBXGroup;
			children = (
				F84473A4212CE07700F8BE97 /* Components */,
				F866F4B3212AF15E00DFA4B4 /* AppDelegate.swift */,
				F866F4B5212AF15E00DFA4B4 /* ViewController.swift */,
				F866F4B7212AF15E00DFA4B4 /* Main.storyboard */,
				F866F4BA212AF16100DFA4B4 /* Assets.xcassets */,
				F866F4BC212AF16100DFA4B4 /* LaunchScreen.storyboard */,
				F866F4BF212AF16100DFA4B4 /* Info.plist */,
				F866F4CB212AF43400DFA4B4 /* ImageFilter.swift */,
				F848AF88212BA177007F158C /* Filter.swift */,
				F848AF8A212BA420007F158C /* FilterParam.swift */,
				F848AF8C212BC16F007F158C /* Filters.swift */,
				F83CE590212C38D00035F310 /* FilterController.swift */,
				F844739F212CDA4100F8BE97 /* FilterParamView.swift */,
				F84473A1212CDC6B00F8BE97 /* ParamViews */,
			);
			path = FilterImage;
			sourceTree = "<group>";
		};
		F866F4C5212AF22000DFA4B4 /* Frameworks */ = {
			isa = PBXGroup;
			children = (
				F8391464212D776A0010C963 /* CoreGraphics.framework */,
				F866F4CD212AFB7F00DFA4B4 /* CoreImage.framework */,
				F866F4C6212AF22000DFA4B4 /* Photos.framework */,
			);
			name = Frameworks;
			sourceTree = "<group>";
		};
/* End PBXGroup section */

/* Begin PBXNativeTarget section */
		F866F4AF212AF15E00DFA4B4 /* FilterImage */ = {
			isa = PBXNativeTarget;
			buildConfigurationList = F866F4C2212AF16100DFA4B4 /* Build configuration list for PBXNativeTarget "FilterImage" */;
			buildPhases = (
				F866F4AC212AF15E00DFA4B4 /* Sources */,
				F866F4AD212AF15E00DFA4B4 /* Frameworks */,
				F866F4AE212AF15E00DFA4B4 /* Resources */,
			);
			buildRules = (
			);
			dependencies = (
			);
			name = FilterImage;
			productName = FilterImage;
			productReference = F866F4B0212AF15E00DFA4B4 /* FilterImage.app */;
			productType = "com.apple.product-type.application";
		};
/* End PBXNativeTarget section */

/* Begin PBXProject section */
		F866F4A8212AF15E00DFA4B4 /* Project object */ = {
			isa = PBXProject;
			attributes = {
				LastSwiftUpdateCheck = 0940;
				LastUpgradeCheck = 0940;
				ORGANIZATIONNAME = "Kazuo Tsubaki";
				TargetAttributes = {
					F866F4AF212AF15E00DFA4B4 = {
						CreatedOnToolsVersion = 9.4.1;
					};
				};
			};
			buildConfigurationList = F866F4AB212AF15E00DFA4B4 /* Build configuration list for PBXProject "FilterImage" */;
			compatibilityVersion = "Xcode 9.3";
			developmentRegion = en;
			hasScannedForEncodings = 0;
			knownRegions = (
				en,
				Base,
			);
			mainGroup = F866F4A7212AF15E00DFA4B4;
			productRefGroup = F866F4B1212AF15E00DFA4B4 /* Products */;
			projectDirPath = "";
			projectRoot = "";
			targets = (
				F866F4AF212AF15E00DFA4B4 /* FilterImage */,
			);
		};
/* End PBXProject section */

/* Begin PBXResourcesBuildPhase section */
		F866F4AE212AF15E00DFA4B4 /* Resources */ = {
			isa = PBXResourcesBuildPhase;
			buildActionMask = 2147483647;
			files = (
				F866F4BE212AF16100DFA4B4 /* LaunchScreen.storyboard in Resources */,
				F84473A8212CE52200F8BE97 /* colorWheel.png in Resources */,
				F866F4BB212AF16100DFA4B4 /* Assets.xcassets in Resources */,
				F866F4B9212AF15E00DFA4B4 /* Main.storyboard in Resources */,
			);
			runOnlyForDeploymentPostprocessing = 0;
		};
/* End PBXResourcesBuildPhase section */

/* Begin PBXSourcesBuildPhase section */
		F866F4AC212AF15E00DFA4B4 /* Sources */ = {
			isa = PBXSourcesBuildPhase;
			buildActionMask = 2147483647;
			files = (
				F8431C0321317EFB002735EA /* CILinearToSRGBToneCurveParamView.swift in Sources */,
				F8431C0121317CFF002735EA /* CIHueAdjustParamView.swift in Sources */,
				F8C5E7E321311E31005D4DAA /* CIColorControlsParamView.swift in Sources */,
				F83C0E0721339FEE002BC6DD /* CIVignetteEffectParamView.swift in Sources */,
				F8431C0521317F8F002735EA /* CISRGBToneCurveToLinearParamView.swift in Sources */,
				F83C0DE321338FBB002BC6DD /* CIColorCubeParamView.swift in Sources */,
				F83C0DEB21339161002BC6DD /* CIFalseColorParamView.swift in Sources */,
				F83C0DFB21339987002BC6DD /* CIPhotoEffectNoirParamView.swift in Sources */,
				F844D723212FA56A009BB280 /* CIDiscBlurParamView.swift in Sources */,
				F83C0DE121338F3A002BC6DD /* CIColorCrossPolynomialParamView.swift in Sources */,
				F83C0DED21339438002BC6DD /* CIMaskToAlphaParamView.swift in Sources */,
				F83C0E0321339B62002BC6DD /* CISepiaToneParamView.swift in Sources */,
				F83C0DDF21338CEC002BC6DD /* CIWhitePointAdjustParamView.swift in Sources */,
				F84473A6212CE09900F8BE97 /* ColorPickerWheelView.swift in Sources */,
				F8431C0721318044002735EA /* CITemperatureAndTintParamView.swift in Sources */,
				F866F4CC212AF43400DFA4B4 /* ImageFilter.swift in Sources */,
				F84473A3212CDCB800F8BE97 /* CIColorPosterizeParamView.swift in Sources */,
				F83C0DF5213397C7002BC6DD /* CIPhotoEffectFadeParamView.swift in Sources */,
				F83C0DFD213399F6002BC6DD /* CIPhotoEffectProcessParamView.swift in Sources */,
				F844D727212FA6B4009BB280 /* CIMedianFilterParamView.swift in Sources */,
				F8683A2E2134CBEA008ED64B /* CIUnsharpMaskParamView.swift in Sources */,
				F83C0DF12133950F002BC6DD /* CIMaximumComponentParamView.swift in Sources */,
				F83C0E0121339AFC002BC6DD /* CIPhotoEffectTransferParamView.swift in Sources */,
				F83C0DD721338A86002BC6DD /* CIColorMatrixParamView.swift in Sources */,
				F848AF89212BA177007F158C /* Filter.swift in Sources */,
				F8C5E7E121310CB0005D4DAA /* CIColorClampParamView.swift in Sources */,
				F84473A0212CDA4100F8BE97 /* FilterParamView.swift in Sources */,
				F83C0DE92133912C002BC6DD /* CIColorMapParamView.swift in Sources */,
				F83C0DFF21339A67002BC6DD /* CIPhotoEffectTonalParamView.swift in Sources */,
				F83C0DDB21338AFD002BC6DD /* CIToneCurveParamView.swift in Sources */,
				F83C0DE521339020002BC6DD /* CIColorCubeWithColorSpaceParamView.swift in Sources */,
				F83C0DEF213394FE002BC6DD /* CIMinimumComponentParamView.swift in Sources */,
				F83C0E0521339C50002BC6DD /* CIVignetteParamView.swift in Sources */,
				F83C0DF3213395EF002BC6DD /* CIPhotoEffectChromeParamView.swift in Sources */,
				F83C0DF92133990E002BC6DD /* CIPhotoEffectMonoParamView.swift in Sources */,
				F848AF8B212BA420007F158C /* FilterParam.swift in Sources */,
				F848AF8D212BC16F007F158C /* Filters.swift in Sources */,
				F83C0DD921338ABE002BC6DD /* CIColorPolynomialParamView.swift in Sources */,
				F8391467212D7B410010C963 /* CIColorMonochromeParamView.swift in Sources */,
				F844D72B212FACA1009BB280 /* CIZoomBlurParamView.swift in Sources */,
				F83C0DDD21338B5B002BC6DD /* CIVibranceParamView.swift in Sources */,
				F866F4B6212AF15E00DFA4B4 /* ViewController.swift in Sources */,
				F844D71F212F9B97009BB280 /* CINoiseReductionParamView.swift in Sources */,
				F83C0DE721339062002BC6DD /* CIColorInvertParamView.swift in Sources */,
				F8683A2C2134CBD5008ED64B /* CISharpenLuminanceParamView.swift in Sources */,
				F844D729212FA910009BB280 /* CIMotionBlurParamView.swift in Sources */,
				F844D725212FA60B009BB280 /* CIGaussianBlurParamView.swift in Sources */,
				F844D721212FA1C5009BB280 /* CIBoxBlurParamView.swift in Sources */,
				F866F4B4212AF15E00DFA4B4 /* AppDelegate.swift in Sources */,
				F83C0DF72133988A002BC6DD /* CIPhotoEffectInstantParamView.swift in Sources */,
				F8431BFF21317B3B002735EA /* CIGammaAdjustParamView.swift in Sources */,
				F8431BFD213177A9002735EA /* CIExposureAdjustParamView.swift in Sources */,
				F83CE591212C38D00035F310 /* FilterController.swift in Sources */,
			);
			runOnlyForDeploymentPostprocessing = 0;
		};
/* End PBXSourcesBuildPhase section */

/* Begin PBXVariantGroup section */
		F866F4B7212AF15E00DFA4B4 /* Main.storyboard */ = {
			isa = PBXVariantGroup;
			children = (
				F866F4B8212AF15E00DFA4B4 /* Base */,
			);
			name = Main.storyboard;
			sourceTree = "<group>";
		};
		F866F4BC212AF16100DFA4B4 /* LaunchScreen.storyboard */ = {
			isa = PBXVariantGroup;
			children = (
				F866F4BD212AF16100DFA4B4 /* Base */,
			);
			name = LaunchScreen.storyboard;
			sourceTree = "<group>";
		};
/* End PBXVariantGroup section */

/* Begin XCBuildConfiguration section */
		F866F4C0212AF16100DFA4B4 /* Debug */ = {
			isa = XCBuildConfiguration;
			buildSettings = {
				ALWAYS_SEARCH_USER_PATHS = NO;
				CLANG_ANALYZER_NONNULL = YES;
				CLANG_ANALYZER_NUMBER_OBJECT_CONVERSION = YES_AGGRESSIVE;
				CLANG_CXX_LANGUAGE_STANDARD = "gnu++14";
				CLANG_CXX_LIBRARY = "libc++";
				CLANG_ENABLE_MODULES = YES;
				CLANG_ENABLE_OBJC_ARC = YES;
				CLANG_ENABLE_OBJC_WEAK = YES;
				CLANG_WARN_BLOCK_CAPTURE_AUTORELEASING = YES;
				CLANG_WARN_BOOL_CONVERSION = YES;
				CLANG_WARN_COMMA = YES;
				CLANG_WARN_CONSTANT_CONVERSION = YES;
				CLANG_WARN_DEPRECATED_OBJC_IMPLEMENTATIONS = YES;
				CLANG_WARN_DIRECT_OBJC_ISA_USAGE = YES_ERROR;
				CLANG_WARN_DOCUMENTATION_COMMENTS = YES;
				CLANG_WARN_EMPTY_BODY = YES;
				CLANG_WARN_ENUM_CONVERSION = YES;
				CLANG_WARN_INFINITE_RECURSION = YES;
				CLANG_WARN_INT_CONVERSION = YES;
				CLANG_WARN_NON_LITERAL_NULL_CONVERSION = YES;
				CLANG_WARN_OBJC_IMPLICIT_RETAIN_SELF = YES;
				CLANG_WARN_OBJC_LITERAL_CONVERSION = YES;
				CLANG_WARN_OBJC_ROOT_CLASS = YES_ERROR;
				CLANG_WARN_RANGE_LOOP_ANALYSIS = YES;
				CLANG_WARN_STRICT_PROTOTYPES = YES;
				CLANG_WARN_SUSPICIOUS_MOVE = YES;
				CLANG_WARN_UNGUARDED_AVAILABILITY = YES_AGGRESSIVE;
				CLANG_WARN_UNREACHABLE_CODE = YES;
				CLANG_WARN__DUPLICATE_METHOD_MATCH = YES;
				CODE_SIGN_IDENTITY = "iPhone Developer";
				COPY_PHASE_STRIP = NO;
				DEBUG_INFORMATION_FORMAT = dwarf;
				ENABLE_STRICT_OBJC_MSGSEND = YES;
				ENABLE_TESTABILITY = YES;
				GCC_C_LANGUAGE_STANDARD = gnu11;
				GCC_DYNAMIC_NO_PIC = NO;
				GCC_NO_COMMON_BLOCKS = YES;
				GCC_OPTIMIZATION_LEVEL = 0;
				GCC_PREPROCESSOR_DEFINITIONS = (
					"DEBUG=1",
					"$(inherited)",
				);
				GCC_WARN_64_TO_32_BIT_CONVERSION = YES;
				GCC_WARN_ABOUT_RETURN_TYPE = YES_ERROR;
				GCC_WARN_UNDECLARED_SELECTOR = YES;
				GCC_WARN_UNINITIALIZED_AUTOS = YES_AGGRESSIVE;
				GCC_WARN_UNUSED_FUNCTION = YES;
				GCC_WARN_UNUSED_VARIABLE = YES;
				IPHONEOS_DEPLOYMENT_TARGET = 11.4;
				MTL_ENABLE_DEBUG_INFO = YES;
				ONLY_ACTIVE_ARCH = YES;
				SDKROOT = iphoneos;
				SWIFT_ACTIVE_COMPILATION_CONDITIONS = DEBUG;
				SWIFT_OPTIMIZATION_LEVEL = "-Onone";
			};
			name = Debug;
		};
		F866F4C1212AF16100DFA4B4 /* Release */ = {
			isa = XCBuildConfiguration;
			buildSettings = {
				ALWAYS_SEARCH_USER_PATHS = NO;
				CLANG_ANALYZER_NONNULL = YES;
				CLANG_ANALYZER_NUMBER_OBJECT_CONVERSION = YES_AGGRESSIVE;
				CLANG_CXX_LANGUAGE_STANDARD = "gnu++14";
				CLANG_CXX_LIBRARY = "libc++";
				CLANG_ENABLE_MODULES = YES;
				CLANG_ENABLE_OBJC_ARC = YES;
				CLANG_ENABLE_OBJC_WEAK = YES;
				CLANG_WARN_BLOCK_CAPTURE_AUTORELEASING = YES;
				CLANG_WARN_BOOL_CONVERSION = YES;
				CLANG_WARN_COMMA = YES;
				CLANG_WARN_CONSTANT_CONVERSION = YES;
				CLANG_WARN_DEPRECATED_OBJC_IMPLEMENTATIONS = YES;
				CLANG_WARN_DIRECT_OBJC_ISA_USAGE = YES_ERROR;
				CLANG_WARN_DOCUMENTATION_COMMENTS = YES;
				CLANG_WARN_EMPTY_BODY = YES;
				CLANG_WARN_ENUM_CONVERSION = YES;
				CLANG_WARN_INFINITE_RECURSION = YES;
				CLANG_WARN_INT_CONVERSION = YES;
				CLANG_WARN_NON_LITERAL_NULL_CONVERSION = YES;
				CLANG_WARN_OBJC_IMPLICIT_RETAIN_SELF = YES;
				CLANG_WARN_OBJC_LITERAL_CONVERSION = YES;
				CLANG_WARN_OBJC_ROOT_CLASS = YES_ERROR;
				CLANG_WARN_RANGE_LOOP_ANALYSIS = YES;
				CLANG_WARN_STRICT_PROTOTYPES = YES;
				CLANG_WARN_SUSPICIOUS_MOVE = YES;
				CLANG_WARN_UNGUARDED_AVAILABILITY = YES_AGGRESSIVE;
				CLANG_WARN_UNREACHABLE_CODE = YES;
				CLANG_WARN__DUPLICATE_METHOD_MATCH = YES;
				CODE_SIGN_IDENTITY = "iPhone Developer";
				COPY_PHASE_STRIP = NO;
				DEBUG_INFORMATION_FORMAT = "dwarf-with-dsym";
				ENABLE_NS_ASSERTIONS = NO;
				ENABLE_STRICT_OBJC_MSGSEND = YES;
				GCC_C_LANGUAGE_STANDARD = gnu11;
				GCC_NO_COMMON_BLOCKS = YES;
				GCC_WARN_64_TO_32_BIT_CONVERSION = YES;
				GCC_WARN_ABOUT_RETURN_TYPE = YES_ERROR;
				GCC_WARN_UNDECLARED_SELECTOR = YES;
				GCC_WARN_UNINITIALIZED_AUTOS = YES_AGGRESSIVE;
				GCC_WARN_UNUSED_FUNCTION = YES;
				GCC_WARN_UNUSED_VARIABLE = YES;
				IPHONEOS_DEPLOYMENT_TARGET = 11.4;
				MTL_ENABLE_DEBUG_INFO = NO;
				SDKROOT = iphoneos;
				SWIFT_COMPILATION_MODE = wholemodule;
				SWIFT_OPTIMIZATION_LEVEL = "-O";
				VALIDATE_PRODUCT = YES;
			};
			name = Release;
		};
		F866F4C3212AF16100DFA4B4 /* Debug */ = {
			isa = XCBuildConfiguration;
			buildSettings = {
				ASSETCATALOG_COMPILER_APPICON_NAME = AppIcon;
				CODE_SIGN_STYLE = Automatic;
				DEVELOPMENT_TEAM = K6GPN79R95;
				INFOPLIST_FILE = FilterImage/Info.plist;
				LD_RUNPATH_SEARCH_PATHS = (
					"$(inherited)",
					"@executable_path/Frameworks",
				);
				PRODUCT_BUNDLE_IDENTIFIER = jp.tsubakicraft.FilterImage;
				PRODUCT_NAME = "$(TARGET_NAME)";
				SWIFT_VERSION = 4.0;
				TARGETED_DEVICE_FAMILY = "1,2";
			};
			name = Debug;
		};
		F866F4C4212AF16100DFA4B4 /* Release */ = {
			isa = XCBuildConfiguration;
			buildSettings = {
				ASSETCATALOG_COMPILER_APPICON_NAME = AppIcon;
				CODE_SIGN_STYLE = Automatic;
				DEVELOPMENT_TEAM = K6GPN79R95;
				INFOPLIST_FILE = FilterImage/Info.plist;
				LD_RUNPATH_SEARCH_PATHS = (
					"$(inherited)",
					"@executable_path/Frameworks",
				);
				PRODUCT_BUNDLE_IDENTIFIER = jp.tsubakicraft.FilterImage;
				PRODUCT_NAME = "$(TARGET_NAME)";
				SWIFT_VERSION = 4.0;
				TARGETED_DEVICE_FAMILY = "1,2";
			};
			name = Release;
		};
/* End XCBuildConfiguration section */

/* Begin XCConfigurationList section */
		F866F4AB212AF15E00DFA4B4 /* Build configuration list for PBXProject "FilterImage" */ = {
			isa = XCConfigurationList;
			buildConfigurations = (
				F866F4C0212AF16100DFA4B4 /* Debug */,
				F866F4C1212AF16100DFA4B4 /* Release */,
			);
			defaultConfigurationIsVisible = 0;
			defaultConfigurationName = Release;
		};
		F866F4C2212AF16100DFA4B4 /* Build configuration list for PBXNativeTarget "FilterImage" */ = {
			isa = XCConfigurationList;
			buildConfigurations = (
				F866F4C3212AF16100DFA4B4 /* Debug */,
				F866F4C4212AF16100DFA4B4 /* Release */,
			);
			defaultConfigurationIsVisible = 0;
			defaultConfigurationName = Release;
		};
/* End XCConfigurationList section */
	};
	rootObject = F866F4A8212AF15E00DFA4B4 /* Project object */;
}
